lockfileVersion: 5.4

specifiers:
  p-limit: 4.0.0
  p-queue: 7.3.0
  p-throttle: 5.0.0
  undici: 5.12.0

dependencies:
  p-limit: 4.0.0
  p-queue: 7.3.0
  p-throttle: 5.0.0
  undici: 5.12.0

packages:

  /busboy/1.6.0:
    resolution: {integrity: sha512-8SFQbg/0hQ9xy3UNTB0YEnsNBbWfhf7RtnzpL7TkBiTBRfrQ9Fxcnz7VJsleJpyp6rVLvXiuORqjlHi5q+PYuA==}
    engines: {node: '>=10.16.0'}
    dependencies:
      streamsearch: 1.1.0
    dev: false

  /eventemitter3/4.0.7:
    resolution: {integrity: sha512-8guHBZCwKnFhYdHr2ysuRWErTwhoN2X8XELRlrRwpmfeY2jjuUN4taQMsULKUVo1K4DvZl+0pgfyoysHxvmvEw==}
    dev: false

  /p-limit/4.0.0:
    resolution: {integrity: sha512-5b0R4txpzjPWVw/cXXUResoD4hb6U/x9BH08L7nw+GN1sezDzPdxeRvpc9c433fZhBan/wusjbCsqwqm4EIBIQ==}
    engines: {node: ^12.20.0 || ^14.13.1 || >=16.0.0}
    dependencies:
      yocto-queue: 1.0.0
    dev: false

  /p-queue/7.3.0:
    resolution: {integrity: sha512-5fP+yVQ0qp0rEfZoDTlP2c3RYBgxvRsw30qO+VtPPc95lyvSG+x6USSh1TuLB4n96IO6I8/oXQGsTgtna4q2nQ==}
    engines: {node: '>=12'}
    dependencies:
      eventemitter3: 4.0.7
      p-timeout: 5.1.0
    dev: false

  /p-throttle/5.0.0:
    resolution: {integrity: sha512-iXBFjW4kP/5Ivw7uC9EDnj+/xo3pNn4Rws3zgMGPwXnWTv1M3P0LVdZxLrqRUI5JK0Fp3Du0bt6lCaVrI3WF7g==}
    engines: {node: ^12.20.0 || ^14.13.1 || >=16.0.0}
    dev: false

  /p-timeout/5.1.0:
    resolution: {integrity: sha512-auFDyzzzGZZZdHz3BtET9VEz0SE/uMEAx7uWfGPucfzEwwe/xH0iVeZibQmANYE/hp9T2+UUZT5m+BKyrDp3Ew==}
    engines: {node: '>=12'}
    dev: false

  /streamsearch/1.1.0:
    resolution: {integrity: sha512-Mcc5wHehp9aXz1ax6bZUyY5afg9u2rv5cqQI3mRrYkGC8rW2hM02jWuwjtL++LS5qinSyhj2QfLyNsuc+VsExg==}
    engines: {node: '>=10.0.0'}
    dev: false

  /undici/5.12.0:
    resolution: {integrity: sha512-zMLamCG62PGjd9HHMpo05bSLvvwWOZgGeiWlN/vlqu3+lRo3elxktVGEyLMX+IO7c2eflLjcW74AlkhEZm15mg==}
    engines: {node: '>=12.18'}
    dependencies:
      busboy: 1.6.0
    dev: false

  /yocto-queue/1.0.0:
    resolution: {integrity: sha512-9bnSc/HEW2uRy67wc+T8UwauLuPJVn28jb+GtJY16iiKWyvmYJRXVT4UamsAEGQfPohgr2q4Tq0sQbQlxTfi1g==}
    engines: {node: '>=12.20'}
    dev: false
